// !$*UTF8*$!
{
	archiveVersion = 1;
	classes = {
	};
	objectVersion = 54;
	objects = {

/* Begin PBXBuildFile section */
		F22BACC62642A3A400D8661E /* AppDelegate.swift in Sources */ = {isa = PBXBuildFile; fileRef = F22BACC52642A3A400D8661E /* AppDelegate.swift */; };
		F22BACC82642A3A400D8661E /* SceneDelegate.swift in Sources */ = {isa = PBXBuildFile; fileRef = F22BACC72642A3A400D8661E /* SceneDelegate.swift */; };
		F22BACCA2642A3A400D8661E /* ViewController.swift in Sources */ = {isa = PBXBuildFile; fileRef = F22BACC92642A3A400D8661E /* ViewController.swift */; };
		F22BACCD2642A3A400D8661E /* Main.storyboard in Resources */ = {isa = PBXBuildFile; fileRef = F22BACCB2642A3A400D8661E /* Main.storyboard */; };
		F22BACCF2642A3A500D8661E /* Assets.xcassets in Resources */ = {isa = PBXBuildFile; fileRef = F22BACCE2642A3A500D8661E /* Assets.xcassets */; };
		F22BACD22642A3A500D8661E /* LaunchScreen.storyboard in Resources */ = {isa = PBXBuildFile; fileRef = F22BACD02642A3A500D8661E /* LaunchScreen.storyboard */; };
/* End PBXBuildFile section */

/* Begin PBXContainerItemProxy section */
		F21C9D222E4C976B00B78885 /* PBXContainerItemProxy */ = {
			isa = PBXContainerItemProxy;
			containerPortal = F22BACBA2642A3A400D8661E /* Project object */;
			proxyType = 1;
			remoteGlobalIDString = F22BACC12642A3A400D8661E;
			remoteInfo = ThreadApp;
		};
/* End PBXContainerItemProxy section */

/* Begin PBXFileReference section */
		F21C9D1E2E4C976B00B78885 /* ThreadApp2Tests.xctest */ = {isa = PBXFileReference; explicitFileType = wrapper.cfbundle; includeInIndex = 0; path = ThreadApp2Tests.xctest; sourceTree = BUILT_PRODUCTS_DIR; };
		F22BACC22642A3A400D8661E /* ThreadApp2.app */ = {isa = PBXFileReference; explicitFileType = wrapper.application; includeInIndex = 0; path = ThreadApp2.app; sourceTree = BUILT_PRODUCTS_DIR; };
		F22BACC52642A3A400D8661E /* AppDelegate.swift */ = {isa = PBXFileReference; lastKnownFileType = sourcecode.swift; path = AppDelegate.swift; sourceTree = "<group>"; };
		F22BACC72642A3A400D8661E /* SceneDelegate.swift */ = {isa = PBXFileReference; lastKnownFileType = sourcecode.swift; path = SceneDelegate.swift; sourceTree = "<group>"; };
		F22BACC92642A3A400D8661E /* ViewController.swift */ = {isa = PBXFileReference; lastKnownFileType = sourcecode.swift; path = ViewController.swift; sourceTree = "<group>"; };
		F22BACCC2642A3A400D8661E /* Base */ = {isa = PBXFileReference; lastKnownFileType = file.storyboard; name = Base; path = Base.lproj/Main.storyboard; sourceTree = "<group>"; };
		F22BACCE2642A3A500D8661E /* Assets.xcassets */ = {isa = PBXFileReference; lastKnownFileType = folder.assetcatalog; path = Assets.xcassets; sourceTree = "<group>"; };
		F22BACD12642A3A500D8661E /* Base */ = {isa = PBXFileReference; lastKnownFileType = file.storyboard; name = Base; path = Base.lproj/LaunchScreen.storyboard; sourceTree = "<group>"; };
		F22BACD32642A3A500D8661E /* Info.plist */ = {isa = PBXFileReference; lastKnownFileType = text.plist.xml; path = Info.plist; sourceTree = "<group>"; };
/* End PBXFileReference section */

/* Begin PBXFrameworksBuildPhase section */
		F21C9D1B2E4C976B00B78885 /* Frameworks */ = {
			isa = PBXFrameworksBuildPhase;
			buildActionMask = 2147483647;
			files = (
			);
			runOnlyForDeploymentPostprocessing = 0;
		};
		F22BACBF2642A3A400D8661E /* Frameworks */ = {
			isa = PBXFrameworksBuildPhase;
			buildActionMask = 2147483647;
			files = (
			);
			runOnlyForDeploymentPostprocessing = 0;
		};
/* End PBXFrameworksBuildPhase section */

/* Begin PBXGroup section */
		F22BACB92642A3A400D8661E = {
			isa = PBXGroup;
			children = (
				F22BACC42642A3A400D8661E /* ThreadApp */,
				F22BACC32642A3A400D8661E /* Products */,
			);
			sourceTree = "<group>";
		};
		F22BACC32642A3A400D8661E /* Products */ = {
			isa = PBXGroup;
			children = (
				F22BACC22642A3A400D8661E /* ThreadApp2.app */,
				F21C9D1E2E4C976B00B78885 /* ThreadApp2Tests.xctest */,
			);
			name = Products;
			sourceTree = "<group>";
		};
		F22BACC42642A3A400D8661E /* ThreadApp */ = {
			isa = PBXGroup;
			children = (
				F22BACC52642A3A400D8661E /* AppDelegate.swift */,
				F22BACC72642A3A400D8661E /* SceneDelegate.swift */,
				F22BACC92642A3A400D8661E /* ViewController.swift */,
				F22BACCB2642A3A400D8661E /* Main.storyboard */,
				F22BACCE2642A3A500D8661E /* Assets.xcassets */,
				F22BACD02642A3A500D8661E /* LaunchScreen.storyboard */,
				F22BACD32642A3A500D8661E /* Info.plist */,
			);
			path = ThreadApp;
			sourceTree = "<group>";
		};
/* End PBXGroup section */

/* Begin PBXNativeTarget section */
		F21C9D1D2E4C976B00B78885 /* ThreadApp2Tests */ = {
			isa = PBXNativeTarget;
			buildConfigurationList = F21C9D262E4C976B00B78885 /* Build configuration list for PBXNativeTarget "ThreadApp2Tests" */;
			buildPhases = (
				F21C9D1A2E4C976B00B78885 /* Sources */,
				F21C9D1B2E4C976B00B78885 /* Frameworks */,
				F21C9D1C2E4C976B00B78885 /* Resources */,
			);
			buildRules = (
			);
			dependencies = (
				F21C9D232E4C976B00B78885 /* PBXTargetDependency */,
			);
			name = ThreadApp2Tests;
			packageProductDependencies = (
			);
			productName = ThreadAppTests;
			productReference = F21C9D1E2E4C976B00B78885 /* ThreadApp2Tests.xctest */;
			productType = "com.apple.product-type.bundle.unit-test";
		};
		F22BACC12642A3A400D8661E /* ThreadApp2 */ = {
			isa = PBXNativeTarget;
			buildConfigurationList = F22BACD62642A3A500D8661E /* Build configuration list for PBXNativeTarget "ThreadApp2" */;
			buildPhases = (
				F22BACBE2642A3A400D8661E /* Sources */,
				F22BACBF2642A3A400D8661E /* Frameworks */,
				F22BACC02642A3A400D8661E /* Resources */,
			);
			buildRules = (
			);
			dependencies = (
			);
			name = ThreadApp2;
			productName = ThreadApp;
			productReference = F22BACC22642A3A400D8661E /* ThreadApp2.app */;
			productType = "com.apple.product-type.application";
		};
/* End PBXNativeTarget section */

/* Begin PBXProject section */
		F22BACBA2642A3A400D8661E /* Project object */ = {
			isa = PBXProject;
			attributes = {
				BuildIndependentTargetsInParallel = YES;
				LastSwiftUpdateCheck = 1250;
				LastUpgradeCheck = 2610;
				TargetAttributes = {
					F21C9D1D2E4C976B00B78885 = {
						CreatedOnToolsVersion = 26.0;
						TestTargetID = F22BACC12642A3A400D8661E;
					};
					F22BACC12642A3A400D8661E = {
						CreatedOnToolsVersion = 12.5;
					};
				};
			};
			buildConfigurationList = F22BACBD2642A3A400D8661E /* Build configuration list for PBXProject "ThreadApp2" */;
			compatibilityVersion = "Xcode 9.3";
			developmentRegion = en;
			hasScannedForEncodings = 0;
			knownRegions = (
				en,
				Base,
			);
			mainGroup = F22BACB92642A3A400D8661E;
			productRefGroup = F22BACC32642A3A400D8661E /* Products */;
			projectDirPath = "";
			projectRoot = "";
			targets = (
				F22BACC12642A3A400D8661E /* ThreadApp2 */,
				F21C9D1D2E4C976B00B78885 /* ThreadApp2Tests */,
			);
		};
/* End PBXProject section */

/* Begin PBXResourcesBuildPhase section */
		F21C9D1C2E4C976B00B78885 /* Resources */ = {
			isa = PBXResourcesBuildPhase;
			buildActionMask = 2147483647;
			files = (
			);
			runOnlyForDeploymentPostprocessing = 0;
		};
		F22BACC02642A3A400D8661E /* Resources */ = {
			isa = PBXResourcesBuildPhase;
			buildActionMask = 2147483647;
			files = (
				F22BACD22642A3A500D8661E /* LaunchScreen.storyboard in Resources */,
				F22BACCF2642A3A500D8661E /* Assets.xcassets in Resources */,
				F22BACCD2642A3A400D8661E /* Main.storyboard in Resources */,
			);
			runOnlyForDeploymentPostprocessing = 0;
		};
/* End PBXResourcesBuildPhase section */

/* Begin PBXSourcesBuildPhase section */
		F21C9D1A2E4C976B00B78885 /* Sources */ = {
			isa = PBXSourcesBuildPhase;
			buildActionMask = 2147483647;
			files = (
			);
			runOnlyForDeploymentPostprocessing = 0;
		};
		F22BACBE2642A3A400D8661E /* Sources */ = {
			isa = PBXSourcesBuildPhase;
			buildActionMask = 2147483647;
			files = (
				F22BACCA2642A3A400D8661E /* ViewController.swift in Sources */,
				F22BACC62642A3A400D8661E /* AppDelegate.swift in Sources */,
				F22BACC82642A3A400D8661E /* SceneDelegate.swift in Sources */,
			);
			runOnlyForDeploymentPostprocessing = 0;
		};
/* End PBXSourcesBuildPhase section */

/* Begin PBXTargetDependency section */
		F21C9D232E4C976B00B78885 /* PBXTargetDependency */ = {
			isa = PBXTargetDependency;
			target = F22BACC12642A3A400D8661E /* ThreadApp2 */;
			targetProxy = F21C9D222E4C976B00B78885 /* PBXContainerItemProxy */;
		};
/* End PBXTargetDependency section */

/* Begin PBXVariantGroup section */
		F22BACCB2642A3A400D8661E /* Main.storyboard */ = {
			isa = PBXVariantGroup;
			children = (
				F22BACCC2642A3A400D8661E /* Base */,
			);
			name = Main.storyboard;
			sourceTree = "<group>";
		};
		F22BACD02642A3A500D8661E /* LaunchScreen.storyboard */ = {
			isa = PBXVariantGroup;
			children = (
				F22BACD12642A3A500D8661E /* Base */,
			);
			name = LaunchScreen.storyboard;
			sourceTree = "<group>";
		};
/* End PBXVariantGroup section */

/* Begin XCBuildConfiguration section */
		F21C9D242E4C976B00B78885 /* Debug */ = {
			isa = XCBuildConfiguration;
			buildSettings = {
				ASSETCATALOG_COMPILER_GENERATE_SWIFT_ASSET_SYMBOL_EXTENSIONS = YES;
				BUNDLE_LOADER = "$(TEST_HOST)";
				CLANG_CXX_LANGUAGE_STANDARD = "gnu++20";
				CODE_SIGN_STYLE = Automatic;
				CURRENT_PROJECT_VERSION = 1;
				DEVELOPMENT_TEAM = 84P4DVBKVP;
				GCC_C_LANGUAGE_STANDARD = gnu17;
				GENERATE_INFOPLIST_FILE = YES;
				IPHONEOS_DEPLOYMENT_TARGET = 26.0;
				LOCALIZATION_PREFERS_STRING_CATALOGS = YES;
				MARKETING_VERSION = 1.0;
				PRODUCT_BUNDLE_IDENTIFIER = digitalmagic.ThreadAppTests;
				PRODUCT_NAME = "$(TARGET_NAME)";
				STRING_CATALOG_GENERATE_SYMBOLS = NO;
				SWIFT_EMIT_LOC_STRINGS = NO;
				TARGETED_DEVICE_FAMILY = "1,2";
				TEST_HOST = "$(BUILT_PRODUCTS_DIR)/ThreadApp2.app/$(BUNDLE_EXECUTABLE_FOLDER_PATH)/ThreadApp2";
			};
			name = Debug;
		};
		F21C9D252E4C976B00B78885 /* Release */ = {
			isa = XCBuildConfiguration;
			buildSettings = {
				ASSETCATALOG_COMPILER_GENERATE_SWIFT_ASSET_SYMBOL_EXTENSIONS = YES;
				BUNDLE_LOADER = "$(TEST_HOST)";
				CLANG_CXX_LANGUAGE_STANDARD = "gnu++20";
				CODE_SIGN_STYLE = Automatic;
				CURRENT_PROJECT_VERSION = 1;
				DEVELOPMENT_TEAM = 84P4DVBKVP;
				GCC_C_LANGUAGE_STANDARD = gnu17;
				GENERATE_INFOPLIST_FILE = YES;
				IPHONEOS_DEPLOYMENT_TARGET = 26.0;
				LOCALIZATION_PREFERS_STRING_CATALOGS = YES;
				MARKETING_VERSION = 1.0;
				PRODUCT_BUNDLE_IDENTIFIER = digitalmagic.ThreadAppTests;
				PRODUCT_NAME = "$(TARGET_NAME)";
				STRING_CATALOG_GENERATE_SYMBOLS = NO;
				SWIFT_EMIT_LOC_STRINGS = NO;
				TARGETED_DEVICE_FAMILY = "1,2";
				TEST_HOST = "$(BUILT_PRODUCTS_DIR)/ThreadApp2.app/$(BUNDLE_EXECUTABLE_FOLDER_PATH)/ThreadApp2";
			};
			name = Release;
		};
		F22BACD42642A3A500D8661E /* Debug */ = {
			isa = XCBuildConfiguration;
			buildSettings = {
				ALWAYS_SEARCH_USER_PATHS = NO;
				ASSETCATALOG_COMPILER_GENERATE_SWIFT_ASSET_SYMBOL_EXTENSIONS = YES;
				CLANG_ANALYZER_NONNULL = YES;
				CLANG_ANALYZER_NUMBER_OBJECT_CONVERSION = YES_AGGRESSIVE;
				CLANG_CXX_LANGUAGE_STANDARD = "gnu++14";
				CLANG_CXX_LIBRARY = "libc++";
				CLANG_ENABLE_MODULES = YES;
				CLANG_ENABLE_OBJC_ARC = YES;
				CLANG_ENABLE_OBJC_WEAK = YES;
				CLANG_WARN_BLOCK_CAPTURE_AUTORELEASING = YES;
				CLANG_WARN_BOOL_CONVERSION = YES;
				CLANG_WARN_COMMA = YES;
				CLANG_WARN_CONSTANT_CONVERSION = YES;
				CLANG_WARN_DEPRECATED_OBJC_IMPLEMENTATIONS = YES;
				CLANG_WARN_DIRECT_OBJC_ISA_USAGE = YES_ERROR;
				CLANG_WARN_DOCUMENTATION_COMMENTS = YES;
				CLANG_WARN_EMPTY_BODY = YES;
				CLANG_WARN_ENUM_CONVERSION = YES;
				CLANG_WARN_INFINITE_RECURSION = YES;
				CLANG_WARN_INT_CONVERSION = YES;
				CLANG_WARN_NON_LITERAL_NULL_CONVERSION = YES;
				CLANG_WARN_OBJC_IMPLICIT_RETAIN_SELF = YES;
				CLANG_WARN_OBJC_LITERAL_CONVERSION = YES;
				CLANG_WARN_OBJC_ROOT_CLASS = YES_ERROR;
				CLANG_WARN_QUOTED_INCLUDE_IN_FRAMEWORK_HEADER = YES;
				CLANG_WARN_RANGE_LOOP_ANALYSIS = YES;
				CLANG_WARN_STRICT_PROTOTYPES = YES;
				CLANG_WARN_SUSPICIOUS_MOVE = YES;
				CLANG_WARN_UNGUARDED_AVAILABILITY = YES_AGGRESSIVE;
				CLANG_WARN_UNREACHABLE_CODE = YES;
				CLANG_WARN__DUPLICATE_METHOD_MATCH = YES;
				COPY_PHASE_STRIP = NO;
				DEBUG_INFORMATION_FORMAT = dwarf;
				DEVELOPMENT_TEAM = 84P4DVBKVP;
				ENABLE_STRICT_OBJC_MSGSEND = YES;
				ENABLE_TESTABILITY = YES;
				ENABLE_USER_SCRIPT_SANDBOXING = YES;
				GCC_C_LANGUAGE_STANDARD = gnu11;
				GCC_DYNAMIC_NO_PIC = NO;
				GCC_NO_COMMON_BLOCKS = YES;
				GCC_OPTIMIZATION_LEVEL = 0;
				GCC_PREPROCESSOR_DEFINITIONS = (
					"DEBUG=1",
					"$(inherited)",
				);
				GCC_WARN_64_TO_32_BIT_CONVERSION = YES;
				GCC_WARN_ABOUT_RETURN_TYPE = YES_ERROR;
				GCC_WARN_UNDECLARED_SELECTOR = YES;
				GCC_WARN_UNINITIALIZED_AUTOS = YES_AGGRESSIVE;
				GCC_WARN_UNUSED_FUNCTION = YES;
				GCC_WARN_UNUSED_VARIABLE = YES;
				IPHONEOS_DEPLOYMENT_TARGET = 14.5;
				MTL_ENABLE_DEBUG_INFO = INCLUDE_SOURCE;
				MTL_FAST_MATH = YES;
				ONLY_ACTIVE_ARCH = YES;
				SDKROOT = iphoneos;
				STRING_CATALOG_GENERATE_SYMBOLS = YES;
				SWIFT_ACTIVE_COMPILATION_CONDITIONS = DEBUG;
				SWIFT_OPTIMIZATION_LEVEL = "-Onone";
			};
			name = Debug;
		};
		F22BACD52642A3A500D8661E /* Release */ = {
			isa = XCBuildConfiguration;
			buildSettings = {
				ALWAYS_SEARCH_USER_PATHS = NO;
				ASSETCATALOG_COMPILER_GENERATE_SWIFT_ASSET_SYMBOL_EXTENSIONS = YES;
				CLANG_ANALYZER_NONNULL = YES;
				CLANG_ANALYZER_NUMBER_OBJECT_CONVERSION = YES_AGGRESSIVE;
				CLANG_CXX_LANGUAGE_STANDARD = "gnu++14";
				CLANG_CXX_LIBRARY = "libc++";
				CLANG_ENABLE_MODULES = YES;
				CLANG_ENABLE_OBJC_ARC = YES;
				CLANG_ENABLE_OBJC_WEAK = YES;
				CLANG_WARN_BLOCK_CAPTURE_AUTORELEASING = YES;
				CLANG_WARN_BOOL_CONVERSION = YES;
				CLANG_WARN_COMMA = YES;
				CLANG_WARN_CONSTANT_CONVERSION = YES;
				CLANG_WARN_DEPRECATED_OBJC_IMPLEMENTATIONS = YES;
				CLANG_WARN_DIRECT_OBJC_ISA_USAGE = YES_ERROR;
				CLANG_WARN_DOCUMENTATION_COMMENTS = YES;
				CLANG_WARN_EMPTY_BODY = YES;
				CLANG_WARN_ENUM_CONVERSION = YES;
				CLANG_WARN_INFINITE_RECURSION = YES;
				CLANG_WARN_INT_CONVERSION = YES;
				CLANG_WARN_NON_LITERAL_NULL_CONVERSION = YES;
				CLANG_WARN_OBJC_IMPLICIT_RETAIN_SELF = YES;
				CLANG_WARN_OBJC_LITERAL_CONVERSION = YES;
				CLANG_WARN_OBJC_ROOT_CLASS = YES_ERROR;
				CLANG_WARN_QUOTED_INCLUDE_IN_FRAMEWORK_HEADER = YES;
				CLANG_WARN_RANGE_LOOP_ANALYSIS = YES;
				CLANG_WARN_STRICT_PROTOTYPES = YES;
				CLANG_WARN_SUSPICIOUS_MOVE = YES;
				CLANG_WARN_UNGUARDED_AVAILABILITY = YES_AGGRESSIVE;
				CLANG_WARN_UNREACHABLE_CODE = YES;
				CLANG_WARN__DUPLICATE_METHOD_MATCH = YES;
				COPY_PHASE_STRIP = NO;
				DEBUG_INFORMATION_FORMAT = "dwarf-with-dsym";
				DEVELOPMENT_TEAM = 84P4DVBKVP;
				ENABLE_NS_ASSERTIONS = NO;
				ENABLE_STRICT_OBJC_MSGSEND = YES;
				ENABLE_USER_SCRIPT_SANDBOXING = YES;
				GCC_C_LANGUAGE_STANDARD = gnu11;
				GCC_NO_COMMON_BLOCKS = YES;
				GCC_WARN_64_TO_32_BIT_CONVERSION = YES;
				GCC_WARN_ABOUT_RETURN_TYPE = YES_ERROR;
				GCC_WARN_UNDECLARED_SELECTOR = YES;
				GCC_WARN_UNINITIALIZED_AUTOS = YES_AGGRESSIVE;
				GCC_WARN_UNUSED_FUNCTION = YES;
				GCC_WARN_UNUSED_VARIABLE = YES;
				IPHONEOS_DEPLOYMENT_TARGET = 14.5;
				MTL_ENABLE_DEBUG_INFO = NO;
				MTL_FAST_MATH = YES;
				SDKROOT = iphoneos;
				STRING_CATALOG_GENERATE_SYMBOLS = YES;
				SWIFT_COMPILATION_MODE = wholemodule;
				SWIFT_OPTIMIZATION_LEVEL = "-O";
				VALIDATE_PRODUCT = YES;
			};
			name = Release;
		};
		F22BACD72642A3A500D8661E /* Debug */ = {
			isa = XCBuildConfiguration;
			buildSettings = {
				ASSETCATALOG_COMPILER_APPICON_NAME = AppIcon;
				ASSETCATALOG_COMPILER_GLOBAL_ACCENT_COLOR_NAME = AccentColor;
				CODE_SIGN_STYLE = Automatic;
				INFOPLIST_FILE = ThreadApp/Info.plist;
				LD_RUNPATH_SEARCH_PATHS = (
					"$(inherited)",
					"@executable_path/Frameworks",
				);
				PRODUCT_BUNDLE_IDENTIFIER = com.sunnydale.ThreadApp;
				PRODUCT_NAME = "$(TARGET_NAME)";
				SWIFT_VERSION = 5.0;
				TARGETED_DEVICE_FAMILY = "1,2";
			};
			name = Debug;
		};
		F22BACD82642A3A500D8661E /* Release */ = {
			isa = XCBuildConfiguration;
			buildSettings = {
				ASSETCATALOG_COMPILER_APPICON_NAME = AppIcon;
				ASSETCATALOG_COMPILER_GLOBAL_ACCENT_COLOR_NAME = AccentColor;
				CODE_SIGN_STYLE = Automatic;
				INFOPLIST_FILE = ThreadApp/Info.plist;
				LD_RUNPATH_SEARCH_PATHS = (
					"$(inherited)",
					"@executable_path/Frameworks",
				);
				PRODUCT_BUNDLE_IDENTIFIER = com.sunnydale.ThreadApp;
				PRODUCT_NAME = "$(TARGET_NAME)";
				SWIFT_VERSION = 5.0;
				TARGETED_DEVICE_FAMILY = "1,2";
			};
			name = Release;
		};
/* End XCBuildConfiguration section */

/* Begin XCConfigurationList section */
		F21C9D262E4C976B00B78885 /* Build configuration list for PBXNativeTarget "ThreadApp2Tests" */ = {
			isa = XCConfigurationList;
			buildConfigurations = (
				F21C9D242E4C976B00B78885 /* Debug */,
				F21C9D252E4C976B00B78885 /* Release */,
			);
			defaultConfigurationIsVisible = 0;
			defaultConfigurationName = Release;
		};
		F22BACBD2642A3A400D8661E /* Build configuration list for PBXProject "ThreadApp2" */ = {
			isa = XCConfigurationList;
			buildConfigurations = (
				F22BACD42642A3A500D8661E /* Debug */,
				F22BACD52642A3A500D8661E /* Release */,
			);
			defaultConfigurationIsVisible = 0;
			defaultConfigurationName = Release;
		};
		F22BACD62642A3A500D8661E /* Build configuration list for PBXNativeTarget "ThreadApp2" */ = {
			isa = XCConfigurationList;
			buildConfigurations = (
				F22BACD72642A3A500D8661E /* Debug */,
				F22BACD82642A3A500D8661E /* Release */,
			);
			defaultConfigurationIsVisible = 0;
			defaultConfigurationName = Release;
		};
/* End XCConfigurationList section */
	};
	rootObject = F22BACBA2642A3A400D8661E /* Project object */;
}
